
Microsoft Visual Studio Solution File, Format Version 12.00
# Visual Studio 15
VisualStudioVersion = 15.0.28307.136
MinimumVisualStudioVersion = 10.0.40219.1
Project("{FAE04EC0-301F-11D3-BF4B-00C04F79EFBC}") = "Dfc.ProviderPortal.Courses.Functions", "src\Dfc.ProviderPortal.Courses.Functions\Dfc.ProviderPortal.Courses.Functions.csproj", "{1D0207B2-572D-4D8D-B5D2-2CE02CEF567D}"
EndProject
Global
	GlobalSection(SolutionConfigurationPlatforms) = preSolution
		Debug|Any CPU = Debug|Any CPU
		Release|Any CPU = Release|Any CPU
	EndGlobalSection
	GlobalSection(ProjectConfigurationPlatforms) = postSolution
		{1D0207B2-572D-4D8D-B5D2-2CE02CEF567D}.Debug|Any CPU.ActiveCfg = Debug|Any CPU
		{1D0207B2-572D-4D8D-B5D2-2CE02CEF567D}.Debug|Any CPU.Build.0 = Debug|Any CPU
		{1D0207B2-572D-4D8D-B5D2-2CE02CEF567D}.Release|Any CPU.ActiveCfg = Release|Any CPU
		{1D0207B2-572D-4D8D-B5D2-2CE02CEF567D}.Release|Any CPU.Build.0 = Release|Any CPU
	EndGlobalSection
	GlobalSection(SolutionProperties) = preSolution
		HideSolutionNode = FALSE
	EndGlobalSection
	GlobalSection(ExtensibilityGlobals) = postSolution
		SolutionGuid = {DC533996-F083-4512-AB83-9D024D7083F9}
	EndGlobalSection
EndGlobal
