
Microsoft Visual Studio Solution File, Format Version 12.00
# Visual Studio 15
VisualStudioVersion = 15.0.28307.136
MinimumVisualStudioVersion = 10.0.40219.1
Project("{9A19103F-16F7-4668-BE54-9A1E7A4F7556}") = "Dfc.ProviderPortal.Courses", "src\Dfc.ProviderPortal.Courses\Dfc.ProviderPortal.Courses.csproj", "{E18D9853-A1D3-4B94-8E90-4501AEFF983F}"
EndProject
Project("{FAE04EC0-301F-11D3-BF4B-00C04F79EFBC}") = "Dfc.ProviderPortal.Courses.API", "src\Dfc.ProviderPortal.Courses.API\Dfc.ProviderPortal.Courses.API.csproj", "{DAC31A50-BFE3-4646-BB15-FDEBF27B61A4}"
EndProject
Global
	GlobalSection(SolutionConfigurationPlatforms) = preSolution
		Debug|Any CPU = Debug|Any CPU
		Release|Any CPU = Release|Any CPU
	EndGlobalSection
	GlobalSection(ProjectConfigurationPlatforms) = postSolution
		{E18D9853-A1D3-4B94-8E90-4501AEFF983F}.Debug|Any CPU.ActiveCfg = Debug|Any CPU
		{E18D9853-A1D3-4B94-8E90-4501AEFF983F}.Debug|Any CPU.Build.0 = Debug|Any CPU
		{E18D9853-A1D3-4B94-8E90-4501AEFF983F}.Release|Any CPU.ActiveCfg = Release|Any CPU
		{E18D9853-A1D3-4B94-8E90-4501AEFF983F}.Release|Any CPU.Build.0 = Release|Any CPU
		{DAC31A50-BFE3-4646-BB15-FDEBF27B61A4}.Debug|Any CPU.ActiveCfg = Debug|Any CPU
		{DAC31A50-BFE3-4646-BB15-FDEBF27B61A4}.Debug|Any CPU.Build.0 = Debug|Any CPU
		{DAC31A50-BFE3-4646-BB15-FDEBF27B61A4}.Release|Any CPU.ActiveCfg = Release|Any CPU
		{DAC31A50-BFE3-4646-BB15-FDEBF27B61A4}.Release|Any CPU.Build.0 = Release|Any CPU
	EndGlobalSection
	GlobalSection(SolutionProperties) = preSolution
		HideSolutionNode = FALSE
	EndGlobalSection
	GlobalSection(ExtensibilityGlobals) = postSolution
		SolutionGuid = {DC533996-F083-4512-AB83-9D024D7083F9}
	EndGlobalSection
EndGlobal
